
Microsoft Visual Studio Solution File, Format Version 12.00
# Visual Studio 15
VisualStudioVersion = 15.0.27428.2043
MinimumVisualStudioVersion = 10.0.40219.1
Project("{FAE04EC0-301F-11D3-BF4B-00C04F79EFBC}") = "AltcoverNBitcoin", "AltcoverNBitcoin\AltcoverNBitcoin.csproj", "{A06FBD7A-7C35-4183-ABC3-157D5A643D53}"
EndProject
Project("{FAE04EC0-301F-11D3-BF4B-00C04F79EFBC}") = "AltcoverNBitcoin.Tests", "AltcoverNBitcoin.Tests\AltcoverNBitcoin.Tests.csproj", "{063823C9-4F75-4B7E-9BDC-BAFE374BD5A8}"
	ProjectSection(ProjectDependencies) = postProject
		{A06FBD7A-7C35-4183-ABC3-157D5A643D53} = {A06FBD7A-7C35-4183-ABC3-157D5A643D53}
	EndProjectSection
EndProject
Global
	GlobalSection(SolutionConfigurationPlatforms) = preSolution
		Debug|Any CPU = Debug|Any CPU
		Release|Any CPU = Release|Any CPU
	EndGlobalSection
	GlobalSection(ProjectConfigurationPlatforms) = postSolution
		{A06FBD7A-7C35-4183-ABC3-157D5A643D53}.Debug|Any CPU.ActiveCfg = Debug|Any CPU
		{A06FBD7A-7C35-4183-ABC3-157D5A643D53}.Debug|Any CPU.Build.0 = Debug|Any CPU
		{A06FBD7A-7C35-4183-ABC3-157D5A643D53}.Release|Any CPU.ActiveCfg = Release|Any CPU
		{A06FBD7A-7C35-4183-ABC3-157D5A643D53}.Release|Any CPU.Build.0 = Release|Any CPU
		{063823C9-4F75-4B7E-9BDC-BAFE374BD5A8}.Debug|Any CPU.ActiveCfg = Debug|Any CPU
		{063823C9-4F75-4B7E-9BDC-BAFE374BD5A8}.Debug|Any CPU.Build.0 = Debug|Any CPU
		{063823C9-4F75-4B7E-9BDC-BAFE374BD5A8}.Release|Any CPU.ActiveCfg = Release|Any CPU
		{063823C9-4F75-4B7E-9BDC-BAFE374BD5A8}.Release|Any CPU.Build.0 = Release|Any CPU
	EndGlobalSection
	GlobalSection(SolutionProperties) = preSolution
		HideSolutionNode = FALSE
	EndGlobalSection
	GlobalSection(ExtensibilityGlobals) = postSolution
		SolutionGuid = {DB76C1EF-AF18-4B79-B4B9-BE4D5E53F3EA}
	EndGlobalSection
EndGlobal
